
Microsoft Visual Studio Solution File, Format Version 12.00
# Visual Studio Version 17
VisualStudioVersion = 17.6.33801.468
MinimumVisualStudioVersion = 10.0.40219.1
Project("{FAE04EC0-301F-11D3-BF4B-00C04F79EFBC}") = "LPBD_Backend", "LPBD_Backend.csproj", "{2138E638-7F37-4639-AF15-9504AA7E6CFC}"
EndProject
Global
	GlobalSection(SolutionConfigurationPlatforms) = preSolution
		Debug|Any CPU = Debug|Any CPU
		Release|Any CPU = Release|Any CPU
	EndGlobalSection
	GlobalSection(ProjectConfigurationPlatforms) = postSolution
		{2138E638-7F37-4639-AF15-9504AA7E6CFC}.Debug|Any CPU.ActiveCfg = Debug|Any CPU
		{2138E638-7F37-4639-AF15-9504AA7E6CFC}.Debug|Any CPU.Build.0 = Debug|Any CPU
		{2138E638-7F37-4639-AF15-9504AA7E6CFC}.Release|Any CPU.ActiveCfg = Release|Any CPU
		{2138E638-7F37-4639-AF15-9504AA7E6CFC}.Release|Any CPU.Build.0 = Release|Any CPU
	EndGlobalSection
	GlobalSection(SolutionProperties) = preSolution
		HideSolutionNode = FALSE
	EndGlobalSection
	GlobalSection(ExtensibilityGlobals) = postSolution
		SolutionGuid = {92BC7E87-B078-4A3F-9404-5A26FCD142E0}
	EndGlobalSection
EndGlobal
